
Microsoft Visual Studio Solution File, Format Version 12.00
# Visual Studio 14
VisualStudioVersion = 14.0.25420.1
MinimumVisualStudioVersion = 10.0.40219.1
Project("{FAE04EC0-301F-11D3-BF4B-00C04F79EFBC}") = "ConsoleApplication", "ConsoleApplication\ConsoleApplication.csproj", "{931D6197-A119-470B-9F88-E7A829AC4E73}"
EndProject
Project("{FAE04EC0-301F-11D3-BF4B-00C04F79EFBC}") = "Equations", "Equations\Equations.csproj", "{B0929416-17B5-4287-A803-9855460ADF1B}"
EndProject
Project("{FAE04EC0-301F-11D3-BF4B-00C04F79EFBC}") = "ConsoleApplicationEquation", "Consol\ConsoleApplicationEquation.csproj", "{A7194517-2103-4846-93D5-0DE1364DB549}"
EndProject
Project("{FAE04EC0-301F-11D3-BF4B-00C04F79EFBC}") = "Task4_2", "Task4_2\Task4_2.csproj", "{4398155C-A0AE-4A1B-9D1B-729D98842C2E}"
EndProject
Project("{FAE04EC0-301F-11D3-BF4B-00C04F79EFBC}") = "Task4_2_1", "Task4_2_1\Task4_2_1.csproj", "{B5A789C7-D33A-4B65-97EC-3437D84DF373}"
EndProject
Project("{FAE04EC0-301F-11D3-BF4B-00C04F79EFBC}") = "Task4_2_3", "Task4_2_3\Task4_2_3.csproj", "{C050B7EC-512A-40AB-9BCA-D876DED799F3}"
EndProject
Project("{FAE04EC0-301F-11D3-BF4B-00C04F79EFBC}") = "Task4_2_4", "Task4_2_4\Task4_2_4.csproj", "{AD2E090A-6D8B-4B33-8184-3164703CFE15}"
EndProject
Project("{FAE04EC0-301F-11D3-BF4B-00C04F79EFBC}") = "Task3_Lib", "Task3_Lib\Task3_Lib.csproj", "{EA1244E6-65D5-4C32-8F34-900009E17DCA}"
EndProject
Project("{FAE04EC0-301F-11D3-BF4B-00C04F79EFBC}") = "Task3", "Task3\Task3.csproj", "{34DFECBC-E142-45EC-987B-A2D676DF249F}"
EndProject
Global
	GlobalSection(SolutionConfigurationPlatforms) = preSolution
		Debug|Any CPU = Debug|Any CPU
		Release|Any CPU = Release|Any CPU
	EndGlobalSection
	GlobalSection(ProjectConfigurationPlatforms) = postSolution
		{931D6197-A119-470B-9F88-E7A829AC4E73}.Debug|Any CPU.ActiveCfg = Debug|Any CPU
		{931D6197-A119-470B-9F88-E7A829AC4E73}.Debug|Any CPU.Build.0 = Debug|Any CPU
		{931D6197-A119-470B-9F88-E7A829AC4E73}.Release|Any CPU.ActiveCfg = Release|Any CPU
		{931D6197-A119-470B-9F88-E7A829AC4E73}.Release|Any CPU.Build.0 = Release|Any CPU
		{B0929416-17B5-4287-A803-9855460ADF1B}.Debug|Any CPU.ActiveCfg = Debug|Any CPU
		{B0929416-17B5-4287-A803-9855460ADF1B}.Debug|Any CPU.Build.0 = Debug|Any CPU
		{B0929416-17B5-4287-A803-9855460ADF1B}.Release|Any CPU.ActiveCfg = Release|Any CPU
		{B0929416-17B5-4287-A803-9855460ADF1B}.Release|Any CPU.Build.0 = Release|Any CPU
		{A7194517-2103-4846-93D5-0DE1364DB549}.Debug|Any CPU.ActiveCfg = Debug|Any CPU
		{A7194517-2103-4846-93D5-0DE1364DB549}.Debug|Any CPU.Build.0 = Debug|Any CPU
		{A7194517-2103-4846-93D5-0DE1364DB549}.Release|Any CPU.ActiveCfg = Release|Any CPU
		{A7194517-2103-4846-93D5-0DE1364DB549}.Release|Any CPU.Build.0 = Release|Any CPU
		{4398155C-A0AE-4A1B-9D1B-729D98842C2E}.Debug|Any CPU.ActiveCfg = Debug|Any CPU
		{4398155C-A0AE-4A1B-9D1B-729D98842C2E}.Debug|Any CPU.Build.0 = Debug|Any CPU
		{4398155C-A0AE-4A1B-9D1B-729D98842C2E}.Release|Any CPU.ActiveCfg = Release|Any CPU
		{4398155C-A0AE-4A1B-9D1B-729D98842C2E}.Release|Any CPU.Build.0 = Release|Any CPU
		{B5A789C7-D33A-4B65-97EC-3437D84DF373}.Debug|Any CPU.ActiveCfg = Debug|Any CPU
		{B5A789C7-D33A-4B65-97EC-3437D84DF373}.Debug|Any CPU.Build.0 = Debug|Any CPU
		{B5A789C7-D33A-4B65-97EC-3437D84DF373}.Release|Any CPU.ActiveCfg = Release|Any CPU
		{B5A789C7-D33A-4B65-97EC-3437D84DF373}.Release|Any CPU.Build.0 = Release|Any CPU
		{C050B7EC-512A-40AB-9BCA-D876DED799F3}.Debug|Any CPU.ActiveCfg = Debug|Any CPU
		{C050B7EC-512A-40AB-9BCA-D876DED799F3}.Debug|Any CPU.Build.0 = Debug|Any CPU
		{C050B7EC-512A-40AB-9BCA-D876DED799F3}.Release|Any CPU.ActiveCfg = Release|Any CPU
		{C050B7EC-512A-40AB-9BCA-D876DED799F3}.Release|Any CPU.Build.0 = Release|Any CPU
		{AD2E090A-6D8B-4B33-8184-3164703CFE15}.Debug|Any CPU.ActiveCfg = Debug|Any CPU
		{AD2E090A-6D8B-4B33-8184-3164703CFE15}.Debug|Any CPU.Build.0 = Debug|Any CPU
		{AD2E090A-6D8B-4B33-8184-3164703CFE15}.Release|Any CPU.ActiveCfg = Release|Any CPU
		{AD2E090A-6D8B-4B33-8184-3164703CFE15}.Release|Any CPU.Build.0 = Release|Any CPU
		{EA1244E6-65D5-4C32-8F34-900009E17DCA}.Debug|Any CPU.ActiveCfg = Debug|Any CPU
		{EA1244E6-65D5-4C32-8F34-900009E17DCA}.Debug|Any CPU.Build.0 = Debug|Any CPU
		{EA1244E6-65D5-4C32-8F34-900009E17DCA}.Release|Any CPU.ActiveCfg = Release|Any CPU
		{EA1244E6-65D5-4C32-8F34-900009E17DCA}.Release|Any CPU.Build.0 = Release|Any CPU
		{34DFECBC-E142-45EC-987B-A2D676DF249F}.Debug|Any CPU.ActiveCfg = Debug|Any CPU
		{34DFECBC-E142-45EC-987B-A2D676DF249F}.Debug|Any CPU.Build.0 = Debug|Any CPU
		{34DFECBC-E142-45EC-987B-A2D676DF249F}.Release|Any CPU.ActiveCfg = Release|Any CPU
		{34DFECBC-E142-45EC-987B-A2D676DF249F}.Release|Any CPU.Build.0 = Release|Any CPU
	EndGlobalSection
	GlobalSection(SolutionProperties) = preSolution
		HideSolutionNode = FALSE
	EndGlobalSection
EndGlobal
